
Microsoft Visual Studio Solution File, Format Version 12.00
# Visual Studio 15
Project("{FAE04EC0-301F-11D3-BF4B-00C04F79EFBC}") = "Blog.Core", "Blog.Core\Blog.Core.csproj", "{448D20D9-0621-4466-A97E-C4DFDB376464}"
EndProject
Project("{FAE04EC0-301F-11D3-BF4B-00C04F79EFBC}") = "Blog.Core.Model", "Blog.Core.Model\Blog.Core.Model.csproj", "{67EF742E-433A-4104-88F4-45898E39F2F4}"
EndProject
Global
	GlobalSection(SolutionConfigurationPlatforms) = preSolution
		Debug|Any CPU = Debug|Any CPU
		Release|Any CPU = Release|Any CPU
	EndGlobalSection
	GlobalSection(ProjectConfigurationPlatforms) = postSolution
		{448D20D9-0621-4466-A97E-C4DFDB376464}.Debug|Any CPU.ActiveCfg = Debug|Any CPU
		{448D20D9-0621-4466-A97E-C4DFDB376464}.Debug|Any CPU.Build.0 = Debug|Any CPU
		{448D20D9-0621-4466-A97E-C4DFDB376464}.Release|Any CPU.ActiveCfg = Release|Any CPU
		{448D20D9-0621-4466-A97E-C4DFDB376464}.Release|Any CPU.Build.0 = Release|Any CPU
		{67EF742E-433A-4104-88F4-45898E39F2F4}.Debug|Any CPU.ActiveCfg = Debug|Any CPU
		{67EF742E-433A-4104-88F4-45898E39F2F4}.Debug|Any CPU.Build.0 = Debug|Any CPU
		{67EF742E-433A-4104-88F4-45898E39F2F4}.Release|Any CPU.ActiveCfg = Release|Any CPU
		{67EF742E-433A-4104-88F4-45898E39F2F4}.Release|Any CPU.Build.0 = Release|Any CPU
	EndGlobalSection
EndGlobal
